
Microsoft Visual Studio Solution File, Format Version 12.00
# Visual Studio Version 16
VisualStudioVersion = 16.0.30225.117
MinimumVisualStudioVersion = 10.0.40219.1
Project("{FAE04EC0-301F-11D3-BF4B-00C04F79EFBC}") = "ПЗ19№7", "ПЗ19№7\ПЗ19№7.csproj", "{19C57AE5-0381-4D68-8E9F-EFB25AC72242}"
EndProject
Global
	GlobalSection(SolutionConfigurationPlatforms) = preSolution
		Debug|Any CPU = Debug|Any CPU
		Release|Any CPU = Release|Any CPU
	EndGlobalSection
	GlobalSection(ProjectConfigurationPlatforms) = postSolution
		{19C57AE5-0381-4D68-8E9F-EFB25AC72242}.Debug|Any CPU.ActiveCfg = Debug|Any CPU
		{19C57AE5-0381-4D68-8E9F-EFB25AC72242}.Debug|Any CPU.Build.0 = Debug|Any CPU
		{19C57AE5-0381-4D68-8E9F-EFB25AC72242}.Release|Any CPU.ActiveCfg = Release|Any CPU
		{19C57AE5-0381-4D68-8E9F-EFB25AC72242}.Release|Any CPU.Build.0 = Release|Any CPU
	EndGlobalSection
	GlobalSection(SolutionProperties) = preSolution
		HideSolutionNode = FALSE
	EndGlobalSection
	GlobalSection(ExtensibilityGlobals) = postSolution
		SolutionGuid = {67040521-3C3C-4EAA-8789-C8727BB20C48}
	EndGlobalSection
EndGlobal
