
Microsoft Visual Studio Solution File, Format Version 12.00
# Visual Studio Version 16
VisualStudioVersion = 16.0.30225.117
MinimumVisualStudioVersion = 10.0.40219.1
Project("{FAE04EC0-301F-11D3-BF4B-00C04F79EFBC}") = "ПЗ19№2", "ПЗ19№2\ПЗ19№2.csproj", "{1C7177AC-DCF2-4E8B-B800-2BF42888F309}"
EndProject
Global
	GlobalSection(SolutionConfigurationPlatforms) = preSolution
		Debug|Any CPU = Debug|Any CPU
		Release|Any CPU = Release|Any CPU
	EndGlobalSection
	GlobalSection(ProjectConfigurationPlatforms) = postSolution
		{1C7177AC-DCF2-4E8B-B800-2BF42888F309}.Debug|Any CPU.ActiveCfg = Debug|Any CPU
		{1C7177AC-DCF2-4E8B-B800-2BF42888F309}.Debug|Any CPU.Build.0 = Debug|Any CPU
		{1C7177AC-DCF2-4E8B-B800-2BF42888F309}.Release|Any CPU.ActiveCfg = Release|Any CPU
		{1C7177AC-DCF2-4E8B-B800-2BF42888F309}.Release|Any CPU.Build.0 = Release|Any CPU
	EndGlobalSection
	GlobalSection(SolutionProperties) = preSolution
		HideSolutionNode = FALSE
	EndGlobalSection
	GlobalSection(ExtensibilityGlobals) = postSolution
		SolutionGuid = {5B8D88C1-D4E6-4447-B016-74775882E88E}
	EndGlobalSection
EndGlobal
